
Microsoft Visual Studio Solution File, Format Version 12.00
# Visual Studio Version 17
VisualStudioVersion = 17.5.33414.496
MinimumVisualStudioVersion = 10.0.40219.1
Project("{FAE04EC0-301F-11D3-BF4B-00C04F79EFBC}") = "QuantoDemoraApi", "QuantoDemoraApi.csproj", "{CCDA7BD9-5EDE-475B-8991-BAFFFA588EED}"
EndProject
Global
	GlobalSection(SolutionConfigurationPlatforms) = preSolution
		Debug|Any CPU = Debug|Any CPU
		Release|Any CPU = Release|Any CPU
	EndGlobalSection
	GlobalSection(ProjectConfigurationPlatforms) = postSolution
		{CCDA7BD9-5EDE-475B-8991-BAFFFA588EED}.Debug|Any CPU.ActiveCfg = Debug|Any CPU
		{CCDA7BD9-5EDE-475B-8991-BAFFFA588EED}.Debug|Any CPU.Build.0 = Debug|Any CPU
		{CCDA7BD9-5EDE-475B-8991-BAFFFA588EED}.Release|Any CPU.ActiveCfg = Release|Any CPU
		{CCDA7BD9-5EDE-475B-8991-BAFFFA588EED}.Release|Any CPU.Build.0 = Release|Any CPU
	EndGlobalSection
	GlobalSection(SolutionProperties) = preSolution
		HideSolutionNode = FALSE
	EndGlobalSection
	GlobalSection(ExtensibilityGlobals) = postSolution
		SolutionGuid = {C3D13856-6C00-4F26-A2FB-D69DB9DB2E98}
	EndGlobalSection
EndGlobal
